
Microsoft Visual Studio Solution File, Format Version 12.00
# Visual Studio 15
VisualStudioVersion = 15.0.28307.1082
MinimumVisualStudioVersion = 10.0.40219.1
Project("{FAE04EC0-301F-11D3-BF4B-00C04F79EFBC}") = "PermutationsWithoutRepetitions", "PermutationsWithoutRepetitions\PermutationsWithoutRepetitions.csproj", "{47E5AD77-3DF8-45DD-86A9-762282B3A7A5}"
EndProject
Project("{FAE04EC0-301F-11D3-BF4B-00C04F79EFBC}") = "PermutationsWithRepetitions", "PermutationsWithRepetitions\PermutationsWithRepetitions.csproj", "{34AF7C87-3813-4D66-B1D2-AE1FCD71BC9F}"
EndProject
Project("{FAE04EC0-301F-11D3-BF4B-00C04F79EFBC}") = "VariationsWithoutRepetitions", "VariationsWithoutRepetitions\VariationsWithoutRepetitions.csproj", "{023F4B3C-34F8-42A2-B066-15E39C4B4823}"
EndProject
Project("{FAE04EC0-301F-11D3-BF4B-00C04F79EFBC}") = "VariationsWithRepetition", "VariationsWithRepetition\VariationsWithRepetition.csproj", "{0E01D3A4-259E-4A92-B287-58ECEDF4FA80}"
EndProject
Project("{FAE04EC0-301F-11D3-BF4B-00C04F79EFBC}") = "CombinationsWithoutRepetition", "CombinationsWithoutRepetition\CombinationsWithoutRepetition.csproj", "{7AC2D8B6-D8BD-4EC5-A73E-B7C3204C782A}"
EndProject
Project("{FAE04EC0-301F-11D3-BF4B-00C04F79EFBC}") = "CombinationsWithRepetition", "CombinationsWithRepetition\CombinationsWithRepetition.csproj", "{A1266DCA-B7B8-4DEE-B928-8664968874C2}"
EndProject
Project("{FAE04EC0-301F-11D3-BF4B-00C04F79EFBC}") = "NChooseKCount", "NChooseKCount\NChooseKCount.csproj", "{E3315EB4-02AB-4C03-8EE6-561E527AA330}"
EndProject
Global
	GlobalSection(SolutionConfigurationPlatforms) = preSolution
		Debug|Any CPU = Debug|Any CPU
		Release|Any CPU = Release|Any CPU
	EndGlobalSection
	GlobalSection(ProjectConfigurationPlatforms) = postSolution
		{47E5AD77-3DF8-45DD-86A9-762282B3A7A5}.Debug|Any CPU.ActiveCfg = Debug|Any CPU
		{47E5AD77-3DF8-45DD-86A9-762282B3A7A5}.Debug|Any CPU.Build.0 = Debug|Any CPU
		{47E5AD77-3DF8-45DD-86A9-762282B3A7A5}.Release|Any CPU.ActiveCfg = Release|Any CPU
		{47E5AD77-3DF8-45DD-86A9-762282B3A7A5}.Release|Any CPU.Build.0 = Release|Any CPU
		{34AF7C87-3813-4D66-B1D2-AE1FCD71BC9F}.Debug|Any CPU.ActiveCfg = Debug|Any CPU
		{34AF7C87-3813-4D66-B1D2-AE1FCD71BC9F}.Debug|Any CPU.Build.0 = Debug|Any CPU
		{34AF7C87-3813-4D66-B1D2-AE1FCD71BC9F}.Release|Any CPU.ActiveCfg = Release|Any CPU
		{34AF7C87-3813-4D66-B1D2-AE1FCD71BC9F}.Release|Any CPU.Build.0 = Release|Any CPU
		{023F4B3C-34F8-42A2-B066-15E39C4B4823}.Debug|Any CPU.ActiveCfg = Debug|Any CPU
		{023F4B3C-34F8-42A2-B066-15E39C4B4823}.Debug|Any CPU.Build.0 = Debug|Any CPU
		{023F4B3C-34F8-42A2-B066-15E39C4B4823}.Release|Any CPU.ActiveCfg = Release|Any CPU
		{023F4B3C-34F8-42A2-B066-15E39C4B4823}.Release|Any CPU.Build.0 = Release|Any CPU
		{0E01D3A4-259E-4A92-B287-58ECEDF4FA80}.Debug|Any CPU.ActiveCfg = Debug|Any CPU
		{0E01D3A4-259E-4A92-B287-58ECEDF4FA80}.Debug|Any CPU.Build.0 = Debug|Any CPU
		{0E01D3A4-259E-4A92-B287-58ECEDF4FA80}.Release|Any CPU.ActiveCfg = Release|Any CPU
		{0E01D3A4-259E-4A92-B287-58ECEDF4FA80}.Release|Any CPU.Build.0 = Release|Any CPU
		{7AC2D8B6-D8BD-4EC5-A73E-B7C3204C782A}.Debug|Any CPU.ActiveCfg = Debug|Any CPU
		{7AC2D8B6-D8BD-4EC5-A73E-B7C3204C782A}.Debug|Any CPU.Build.0 = Debug|Any CPU
		{7AC2D8B6-D8BD-4EC5-A73E-B7C3204C782A}.Release|Any CPU.ActiveCfg = Release|Any CPU
		{7AC2D8B6-D8BD-4EC5-A73E-B7C3204C782A}.Release|Any CPU.Build.0 = Release|Any CPU
		{A1266DCA-B7B8-4DEE-B928-8664968874C2}.Debug|Any CPU.ActiveCfg = Debug|Any CPU
		{A1266DCA-B7B8-4DEE-B928-8664968874C2}.Debug|Any CPU.Build.0 = Debug|Any CPU
		{A1266DCA-B7B8-4DEE-B928-8664968874C2}.Release|Any CPU.ActiveCfg = Release|Any CPU
		{A1266DCA-B7B8-4DEE-B928-8664968874C2}.Release|Any CPU.Build.0 = Release|Any CPU
		{E3315EB4-02AB-4C03-8EE6-561E527AA330}.Debug|Any CPU.ActiveCfg = Debug|Any CPU
		{E3315EB4-02AB-4C03-8EE6-561E527AA330}.Debug|Any CPU.Build.0 = Debug|Any CPU
		{E3315EB4-02AB-4C03-8EE6-561E527AA330}.Release|Any CPU.ActiveCfg = Release|Any CPU
		{E3315EB4-02AB-4C03-8EE6-561E527AA330}.Release|Any CPU.Build.0 = Release|Any CPU
	EndGlobalSection
	GlobalSection(SolutionProperties) = preSolution
		HideSolutionNode = FALSE
	EndGlobalSection
	GlobalSection(ExtensibilityGlobals) = postSolution
		SolutionGuid = {C2DC7AD9-1087-4A16-9F58-68AB2085DE46}
	EndGlobalSection
EndGlobal
