
Microsoft Visual Studio Solution File, Format Version 12.00
# Visual Studio Version 16
VisualStudioVersion = 16.0.30717.126
MinimumVisualStudioVersion = 10.0.40219.1
Project("{FAE04EC0-301F-11D3-BF4B-00C04F79EFBC}") = "Fibonacci", "Fibonacci\Fibonacci.csproj", "{66149670-FF45-48D5-B111-916BE2DAC425}"
EndProject
Project("{FAE04EC0-301F-11D3-BF4B-00C04F79EFBC}") = "MoveDownRight", "MoveDownRight\MoveDownRight.csproj", "{A48A9F55-3CD0-40AB-9874-A4125942C169}"
EndProject
Project("{FAE04EC0-301F-11D3-BF4B-00C04F79EFBC}") = "LongestCommonSubsequence", "LongestCommonSubsequence\LongestCommonSubsequence.csproj", "{89F92275-DC43-48DD-A654-C0448E27F48F}"
EndProject
Global
	GlobalSection(SolutionConfigurationPlatforms) = preSolution
		Debug|Any CPU = Debug|Any CPU
		Release|Any CPU = Release|Any CPU
	EndGlobalSection
	GlobalSection(ProjectConfigurationPlatforms) = postSolution
		{66149670-FF45-48D5-B111-916BE2DAC425}.Debug|Any CPU.ActiveCfg = Debug|Any CPU
		{66149670-FF45-48D5-B111-916BE2DAC425}.Debug|Any CPU.Build.0 = Debug|Any CPU
		{66149670-FF45-48D5-B111-916BE2DAC425}.Release|Any CPU.ActiveCfg = Release|Any CPU
		{66149670-FF45-48D5-B111-916BE2DAC425}.Release|Any CPU.Build.0 = Release|Any CPU
		{A48A9F55-3CD0-40AB-9874-A4125942C169}.Debug|Any CPU.ActiveCfg = Debug|Any CPU
		{A48A9F55-3CD0-40AB-9874-A4125942C169}.Debug|Any CPU.Build.0 = Debug|Any CPU
		{A48A9F55-3CD0-40AB-9874-A4125942C169}.Release|Any CPU.ActiveCfg = Release|Any CPU
		{A48A9F55-3CD0-40AB-9874-A4125942C169}.Release|Any CPU.Build.0 = Release|Any CPU
		{89F92275-DC43-48DD-A654-C0448E27F48F}.Debug|Any CPU.ActiveCfg = Debug|Any CPU
		{89F92275-DC43-48DD-A654-C0448E27F48F}.Debug|Any CPU.Build.0 = Debug|Any CPU
		{89F92275-DC43-48DD-A654-C0448E27F48F}.Release|Any CPU.ActiveCfg = Release|Any CPU
		{89F92275-DC43-48DD-A654-C0448E27F48F}.Release|Any CPU.Build.0 = Release|Any CPU
	EndGlobalSection
	GlobalSection(SolutionProperties) = preSolution
		HideSolutionNode = FALSE
	EndGlobalSection
	GlobalSection(ExtensibilityGlobals) = postSolution
		SolutionGuid = {F30489B2-7DFE-4E87-A5E0-7E6B6B824E92}
	EndGlobalSection
EndGlobal
